# THIS IS AN AUTOGENERATED FILE. DO NOT EDIT THIS FILE DIRECTLY.
# yarn lockfile v1


commander@^11.0.0:
  version "11.0.0"
  resolved "https://registry.yarnpkg.com/commander/-/commander-11.0.0.tgz#43e19c25dbedc8256203538e8d7e9346877a6f67"
  integrity sha512-9HMlXtt/BNoYr8ooyjjNRdIilOTkVJXB+GhxMTtOKwk0R4j4lS4NpjuqmRxroBfnfTSHQIHQB7wryHhXarNjmQ==

npmluau@^0.1.0:
  version "0.1.0"
  resolved "https://registry.yarnpkg.com/npmluau/-/npmluau-0.1.0.tgz#c5c9fdd09c6ae14d0ab14374680206ba017c0443"
  integrity sha512-r0VVrveCB2VmQg6Y6OoNvgIZehhKsVkbeSO3a5npeizR5MH5VGw8Zetwsrn4bowLcKdsqeRJo08l7fl4KYEiMA==
  dependencies:
    commander "^11.0.0"
    walkdir "^0.4.1"

walkdir@^0.4.1:
  version "0.4.1"
  resolved "https://registry.yarnpkg.com/walkdir/-/walkdir-0.4.1.tgz#dc119f83f4421df52e3061e514228a2db20afa39"
  integrity sha512-3eBwRyEln6E1MSzcxcVpQIhRG8Q1jLvEqRmCZqS3dsfXEDR/AhOF4d+jHg1qvDCpYaVRZjENPQyrVxAkQqxPgQ==
